
Microsoft Visual Studio Solution File, Format Version 11.00
# Visual Studio 2010
Project("{8BC9CEB8-8B4A-11D0-8D11-00A0C91BC942}") = "CS2Assignment6", "CS2Assignment6\CS2Assignment6.vcxproj", "{8568C7FF-43DD-4B88-BA9C-61D6B10B2F4D}"
EndProject
Global
	GlobalSection(SolutionConfigurationPlatforms) = preSolution
		Debug|Win32 = Debug|Win32
		Release|Win32 = Release|Win32
	EndGlobalSection
	GlobalSection(ProjectConfigurationPlatforms) = postSolution
		{8568C7FF-43DD-4B88-BA9C-61D6B10B2F4D}.Debug|Win32.ActiveCfg = Debug|Win32
		{8568C7FF-43DD-4B88-BA9C-61D6B10B2F4D}.Debug|Win32.Build.0 = Debug|Win32
		{8568C7FF-43DD-4B88-BA9C-61D6B10B2F4D}.Release|Win32.ActiveCfg = Release|Win32
		{8568C7FF-43DD-4B88-BA9C-61D6B10B2F4D}.Release|Win32.Build.0 = Release|Win32
	EndGlobalSection
	GlobalSection(SolutionProperties) = preSolution
		HideSolutionNode = FALSE
	EndGlobalSection
EndGlobal
